// !$*UTF8*$!
{
	archiveVersion = 1;
	classes = {
	};
	objectVersion = 46;
	objects = {
/* Begin PBXBuildFile section */
		0207DA581B56EA530066E2B4 /* Images.xcassets in Resources */ = {isa = PBXBuildFile; fileRef = 0207DA571B56EA530066E2B4 /* Images.xcassets */; };
		1D3623260D0F684500981E51 /* AppDelegate.m in Sources */ = {isa = PBXBuildFile; fileRef = 1D3623250D0F684500981E51 /* AppDelegate.m */; };
		1D60589B0D05DD56006BFB54 /* main.m in Sources */ = {isa = PBXBuildFile; fileRef = 29B97316FDCFA39411CA2CEA /* main.m */; };
		301BF552109A68D80062928A /* libCordova.a in Frameworks */ = {isa = PBXBuildFile; fileRef = 301BF535109A57CC0062928A /* libCordova.a */; };
		302D95F114D2391D003F00A1 /* MainViewController.m in Sources */ = {isa = PBXBuildFile; fileRef = 302D95EF14D2391D003F00A1 /* MainViewController.m */; };
		302D95F214D2391D003F00A1 /* MainViewController.xib in Resources */ = {isa = PBXBuildFile; fileRef = 302D95F014D2391D003F00A1 /* MainViewController.xib */; };
		3047A5121AB8059700498E2A /* build-debug.xcconfig in Resources */ = {isa = PBXBuildFile; fileRef = 3047A50F1AB8059700498E2A /* build-debug.xcconfig */; };
		3047A5131AB8059700498E2A /* build-release.xcconfig in Resources */ = {isa = PBXBuildFile; fileRef = 3047A5101AB8059700498E2A /* build-release.xcconfig */; };
		3047A5141AB8059700498E2A /* build.xcconfig in Resources */ = {isa = PBXBuildFile; fileRef = 3047A5111AB8059700498E2A /* build.xcconfig */; };
		9074ADE5A2524196B8FBD2CC /* CDVDevice.m in Sources */ = {isa = PBXBuildFile; fileRef = F627BBC78BCC41AD8EED0794 /* CDVDevice.m */; };
		4395A80BBFB14BBE857A7E12 /* CDVLogger.m in Sources */ = {isa = PBXBuildFile; fileRef = EC32B1CD39B4477DA150F5C0 /* CDVLogger.m */; };
		788B502D313D46E79DC7A746 /* CDVSplashScreen.m in Sources */ = {isa = PBXBuildFile; fileRef = 960655DC5958441681FBA821 /* CDVSplashScreen.m */; };
		CFF5D74DDEBA45AD9F7819AF /* CDVViewController+SplashScreen.m in Sources */ = {isa = PBXBuildFile; fileRef = 6DD3400ED4FF43C297E058DD /* CDVViewController+SplashScreen.m */; };
		B590CCA857F2433B94A611EF /* CDVStatusBar.m in Sources */ = {isa = PBXBuildFile; fileRef = 2A0B9D1DC8E24F9588D94383 /* CDVStatusBar.m */; };
		68FD12E70B4C49D29B12C835 /* IonicKeyboard.m in Sources */ = {isa = PBXBuildFile; fileRef = B471A6DC97694A44B474283C /* IonicKeyboard.m */; };
		16203357521E4E3393253C07 /* CDVInAppBrowser.m in Sources */ = {isa = PBXBuildFile; fileRef = 8A2EBB3615834614895487B7 /* CDVInAppBrowser.m */; };
		AF752E6C0B2D403287415C0E /* NSString+URLEncoding.m in Sources */ = {isa = PBXBuildFile; fileRef = C3E8A433079E48009A28E1D6 /* NSString+URLEncoding.m */; };
		7FCFD19B9C9B419CB3D269DE /* SocialSharing.m in Sources */ = {isa = PBXBuildFile; fileRef = 5A05C5E4D6F04E4FB6A5A751 /* SocialSharing.m */; };
		6945B8E427594D0A8B15558E /* Social.framework in Frameworks */ = {isa = PBXBuildFile; fileRef = 6A4A7C92CC5A4EADA1A10B16 /* Social.framework */; settings = {ATTRIBUTES = (Weak, ); }; };
		EFB1EE63E95B4DF0BB648E2A /* MessageUI.framework in Frameworks */ = {isa = PBXBuildFile; fileRef = 96B1283F86DD4939B27E4943 /* MessageUI.framework */; settings = {ATTRIBUTES = (Weak, ); }; };
		543DA0A34CE24A70949472F2 /* CDVLocation.m in Sources */ = {isa = PBXBuildFile; fileRef = B9D99311B72049F9AE09AEE8 /* CDVLocation.m */; };
		B0C43C3681BC484096F919DE /* CoreLocation.framework in Frameworks */ = {isa = PBXBuildFile; fileRef = BD33679E268D48839D8DB64B /* CoreLocation.framework */; };
		284EA140689442ADB67BCB99 /* JPushPlugin.m in Sources */ = {isa = PBXBuildFile; fileRef = D8864161DB664AAEA0BE0BE2 /* JPushPlugin.m */; };
		0B5C4CCD7E094772BC021C9E /* jpush-ios-2.1.6.a in Frameworks */ = {isa = PBXBuildFile; fileRef = 95847AA307734CB9BB1770DB /* jpush-ios-2.1.6.a */; };
		CDB8F9BE36104F3B8FA7A457 /* AppDelegate+JPush.m in Sources */ = {isa = PBXBuildFile; fileRef = 57712FAD54AA46719D1A6225 /* AppDelegate+JPush.m */; };
		75FAF230569F4413A9F46122 /* PushConfig.plist in Resources */ = {isa = PBXBuildFile; fileRef = 844DE6003B644317B32EEAA0 /* PushConfig.plist */; };
		8771EB75359A4E2C8793665E /* CFNetwork.framework in Frameworks */ = {isa = PBXBuildFile; fileRef = 73F36163BF5946DF91A65627 /* CFNetwork.framework */; settings = {ATTRIBUTES = (Weak, ); }; };
		A5E7E81A89224B1698860C66 /* CoreFoundation.framework in Frameworks */ = {isa = PBXBuildFile; fileRef = D58258CB6D234AAF83435C1D /* CoreFoundation.framework */; settings = {ATTRIBUTES = (Weak, ); }; };
		FFC12BA719004417AE0C4CA3 /* CoreTelephony.framework in Frameworks */ = {isa = PBXBuildFile; fileRef = 2E827676A03445CCB5701915 /* CoreTelephony.framework */; settings = {ATTRIBUTES = (Weak, ); }; };
		83B977EEFE5A4103869D57B0 /* SystemConfiguration.framework in Frameworks */ = {isa = PBXBuildFile; fileRef = C4B47EC21E3C4B80A0271BC3 /* SystemConfiguration.framework */; settings = {ATTRIBUTES = (Weak, ); }; };
		E1D5E274281640A7AAF9B9A7 /* Foundation.framework in Frameworks */ = {isa = PBXBuildFile; fileRef = DD1F2D22463B452C81E4AB67 /* Foundation.framework */; settings = {ATTRIBUTES = (Weak, ); }; };
		6736A940B2224284B5F8DC73 /* UIKit.framework in Frameworks */ = {isa = PBXBuildFile; fileRef = 8E3A4947888E4B11B8EF80C8 /* UIKit.framework */; settings = {ATTRIBUTES = (Weak, ); }; };
		C45E60CBC9CD4927AC05BD7D /* Security.framework in Frameworks */ = {isa = PBXBuildFile; fileRef = 926F6A14BE604203883639C9 /* Security.framework */; settings = {ATTRIBUTES = (Weak, ); }; };
		84481554F0D14D079B50D113 /* libz.tbd in Resources */ = {isa = PBXBuildFile; fileRef = F37ED662F5B441479671090B /* libz.tbd */; settings = {ATTRIBUTES = (Weak, ); }; };
		5044511DEEB64F7C8C7E3E05 /* AdSupport.framework in Frameworks */ = {isa = PBXBuildFile; fileRef = 630F545F02C04538B2656573 /* AdSupport.framework */; settings = {ATTRIBUTES = (Weak, ); }; };
		319F9D5D3C94458095171131 /* CDVNotification.m in Sources */ = {isa = PBXBuildFile; fileRef = 165DE7CA95984011A192DF69 /* CDVNotification.m */; };
		1157CDDF36504AC7A546C45C /* CDVNotification.bundle in Resources */ = {isa = PBXBuildFile; fileRef = 9B50AB1DBB2B41BCBC3B1A6C /* CDVNotification.bundle */; };
		D8930CA500164F07A97C8A14 /* AudioToolbox.framework in Frameworks */ = {isa = PBXBuildFile; fileRef = A740695369414EC188960A85 /* AudioToolbox.framework */; settings = {ATTRIBUTES = (Weak, ); }; };
		BDE328CFAF1446F6BF6B8091 /* CDVGlobalization.m in Sources */ = {isa = PBXBuildFile; fileRef = F8310A77A65D4454A1FFA49A /* CDVGlobalization.m */; };
		84C8A52AC7214FB294393631 /* CDVAppRate.m in Sources */ = {isa = PBXBuildFile; fileRef = 5CD4F3192DB3408F930196AA /* CDVAppRate.m */; };
		5A71F03D87C84854A4A803C8 /* StoreKit.framework in Frameworks */ = {isa = PBXBuildFile; fileRef = 37791CD5FF0B433BBEE4A47F /* StoreKit.framework */; };
		9CAD2DC4FE6146F9A992136D /* SQLitePlugin.m in Sources */ = {isa = PBXBuildFile; fileRef = CE25A052342E42D5A2DEC3C3 /* SQLitePlugin.m */; };
		EE8C7029558443D6B0B0F709 /* sqlite3.c in Resources */ = {isa = PBXBuildFile; fileRef = EFE550DCDD804B90A2920E19 /* sqlite3.c */; settings = {COMPILER_FLAGS = "-DSQLITE_TEMP_STORE=2 -DSQLITE_THREADSAFE=2 -DSQLITE_ENABLE_FTS3 -DSQLITE_ENABLE_FTS3_PARENTHESIS -DSQLITE_ENABLE_FTS4 -DSQLITE_ENABLE_COLUMN_METADATA -DSQLITE_ENABLE_RTREE -DSQLITE_LOCKING_STYLE=1 -DSQLITE_OMIT_BUILTIN_TEST -DSQLITE_OMIT_LOAD_EXTENSION"; }; };
/* End PBXBuildFile section */

/* Begin PBXContainerItemProxy section */
		301BF534109A57CC0062928A /* PBXContainerItemProxy */ = {
			isa = PBXContainerItemProxy;
			containerPortal = 301BF52D109A57CC0062928A /* CordovaLib.xcodeproj */;
			proxyType = 2;
			remoteGlobalIDString = D2AAC07E0554694100DB518D;
			remoteInfo = CordovaLib;
		};
		301BF550109A68C00062928A /* PBXContainerItemProxy */ = {
			isa = PBXContainerItemProxy;
			containerPortal = 301BF52D109A57CC0062928A /* CordovaLib.xcodeproj */;
			proxyType = 1;
			remoteGlobalIDString = D2AAC07D0554694100DB518D;
			remoteInfo = CordovaLib;
		};
/* End PBXContainerItemProxy section */

/* Begin PBXFileReference section */
		0207DA571B56EA530066E2B4 /* Images.xcassets */ = {isa = PBXFileReference; lastKnownFileType = folder.assetcatalog; name = Images.xcassets; path = "Follow3/Images.xcassets"; sourceTree = SOURCE_ROOT; };
		1D3623240D0F684500981E51 /* AppDelegate.h */ = {isa = PBXFileReference; fileEncoding = 4; lastKnownFileType = sourcecode.c.h; path = AppDelegate.h; sourceTree = "<group>"; };
		1D3623250D0F684500981E51 /* AppDelegate.m */ = {isa = PBXFileReference; fileEncoding = 4; lastKnownFileType = sourcecode.c.objc; path = AppDelegate.m; sourceTree = "<group>"; };
		1D6058910D05DD3D006BFB54 /* Follow3.app */ = {isa = PBXFileReference; explicitFileType = wrapper.application; includeInIndex = 0; path = "Follow3.app"; sourceTree = BUILT_PRODUCTS_DIR; };
		29B97316FDCFA39411CA2CEA /* main.m */ = {isa = PBXFileReference; fileEncoding = 4; lastKnownFileType = sourcecode.c.objc; path = main.m; sourceTree = "<group>"; };
		301BF52D109A57CC0062928A /* CordovaLib.xcodeproj */ = {isa = PBXFileReference; lastKnownFileType = "wrapper.pb-project"; name = CordovaLib.xcodeproj; path = CordovaLib/CordovaLib.xcodeproj; sourceTree = "<group>"; };
		301BF56E109A69640062928A /* www */ = {isa = PBXFileReference; lastKnownFileType = folder; path = www; sourceTree = SOURCE_ROOT; };
		302D95EE14D2391D003F00A1 /* MainViewController.h */ = {isa = PBXFileReference; fileEncoding = 4; lastKnownFileType = sourcecode.c.h; path = MainViewController.h; sourceTree = "<group>"; };
		302D95EF14D2391D003F00A1 /* MainViewController.m */ = {isa = PBXFileReference; fileEncoding = 4; lastKnownFileType = sourcecode.c.objc; path = MainViewController.m; sourceTree = "<group>"; };
		302D95F014D2391D003F00A1 /* MainViewController.xib */ = {isa = PBXFileReference; fileEncoding = 4; lastKnownFileType = file.xib; path = MainViewController.xib; sourceTree = "<group>"; };
		3047A50F1AB8059700498E2A /* build-debug.xcconfig */ = {isa = PBXFileReference; fileEncoding = 4; lastKnownFileType = text.xcconfig; name = "build-debug.xcconfig"; path = cordova/build-debug.xcconfig; sourceTree = SOURCE_ROOT; };
		3047A5101AB8059700498E2A /* build-release.xcconfig */ = {isa = PBXFileReference; fileEncoding = 4; lastKnownFileType = text.xcconfig; name = "build-release.xcconfig"; path = cordova/build-release.xcconfig; sourceTree = SOURCE_ROOT; };
		3047A5111AB8059700498E2A /* build.xcconfig */ = {isa = PBXFileReference; fileEncoding = 4; lastKnownFileType = text.xcconfig; name = build.xcconfig; path = cordova/build.xcconfig; sourceTree = SOURCE_ROOT; };
		32CA4F630368D1EE00C91783 /* Follow3-Prefix.pch */ = {isa = PBXFileReference; fileEncoding = 4; lastKnownFileType = sourcecode.c.h; path = "Follow3-Prefix.pch"; sourceTree = "<group>"; };
		8D1107310486CEB800E47090 /* Follow3-Info.plist */ = {isa = PBXFileReference; fileEncoding = 4; lastKnownFileType = text.plist.xml; name = "Follow3-Info.plist"; path = "Follow3/Follow3-Info.plist"; plistStructureDefinitionIdentifier = "com.apple.xcode.plist.structure-definition.iphone.info-plist"; sourceTree = SOURCE_ROOT; };
		EB87FDF31871DA8E0020F90C /* www */ = {isa = PBXFileReference; lastKnownFileType = folder; name = www; path = ../../www; sourceTree = "<group>"; };
		EB87FDF41871DAF40020F90C /* config.xml */ = {isa = PBXFileReference; lastKnownFileType = text.xml; name = config.xml; path = ../../config.xml; sourceTree = "<group>"; };
		F840E1F0165FE0F500CFE078 /* config.xml */ = {isa = PBXFileReference; lastKnownFileType = text.xml; name = config.xml; path = "Follow3/config.xml"; sourceTree = "<group>"; };
		ED33DF2A687741AEAF9F8254 /* Bridging-Header.h */ = {isa = PBXFileReference; fileEncoding = 4; lastKnownFileType = sourcecode.c.h; name = "Bridging-Header.h"; path = "Bridging-Header.h"; sourceTree = "<group>"; };
		F627BBC78BCC41AD8EED0794 /* CDVDevice.m */ = {isa = PBXFileReference; name = "CDVDevice.m"; path = "cordova-plugin-device/CDVDevice.m"; sourceTree = "<group>"; fileEncoding = 4; lastKnownFileType = sourcecode.c.objc; explicitFileType = undefined; includeInIndex = 0; };
		E6C14EACD3DB467E9B19F03B /* CDVDevice.h */ = {isa = PBXFileReference; name = "CDVDevice.h"; path = "cordova-plugin-device/CDVDevice.h"; sourceTree = "<group>"; fileEncoding = 4; lastKnownFileType = sourcecode.c.h; explicitFileType = undefined; includeInIndex = 0; };
		EC32B1CD39B4477DA150F5C0 /* CDVLogger.m */ = {isa = PBXFileReference; name = "CDVLogger.m"; path = "cordova-plugin-console/CDVLogger.m"; sourceTree = "<group>"; fileEncoding = 4; lastKnownFileType = sourcecode.c.objc; explicitFileType = undefined; includeInIndex = 0; };
		9E271A73F07343F0804A6FD9 /* CDVLogger.h */ = {isa = PBXFileReference; name = "CDVLogger.h"; path = "cordova-plugin-console/CDVLogger.h"; sourceTree = "<group>"; fileEncoding = 4; lastKnownFileType = sourcecode.c.h; explicitFileType = undefined; includeInIndex = 0; };
		960655DC5958441681FBA821 /* CDVSplashScreen.m */ = {isa = PBXFileReference; name = "CDVSplashScreen.m"; path = "cordova-plugin-splashscreen/CDVSplashScreen.m"; sourceTree = "<group>"; fileEncoding = 4; lastKnownFileType = sourcecode.c.objc; explicitFileType = undefined; includeInIndex = 0; };
		6DD3400ED4FF43C297E058DD /* CDVViewController+SplashScreen.m */ = {isa = PBXFileReference; name = "CDVViewController+SplashScreen.m"; path = "cordova-plugin-splashscreen/CDVViewController+SplashScreen.m"; sourceTree = "<group>"; fileEncoding = 4; lastKnownFileType = sourcecode.c.objc; explicitFileType = undefined; includeInIndex = 0; };
		68E2E5B918BF4CD2AB26DC2B /* CDVSplashScreen.h */ = {isa = PBXFileReference; name = "CDVSplashScreen.h"; path = "cordova-plugin-splashscreen/CDVSplashScreen.h"; sourceTree = "<group>"; fileEncoding = 4; lastKnownFileType = sourcecode.c.h; explicitFileType = undefined; includeInIndex = 0; };
		D8A931500A6F4DEAA7B737A9 /* CDVViewController+SplashScreen.h */ = {isa = PBXFileReference; name = "CDVViewController+SplashScreen.h"; path = "cordova-plugin-splashscreen/CDVViewController+SplashScreen.h"; sourceTree = "<group>"; fileEncoding = 4; lastKnownFileType = sourcecode.c.h; explicitFileType = undefined; includeInIndex = 0; };
		2A0B9D1DC8E24F9588D94383 /* CDVStatusBar.m */ = {isa = PBXFileReference; name = "CDVStatusBar.m"; path = "cordova-plugin-statusbar/CDVStatusBar.m"; sourceTree = "<group>"; fileEncoding = 4; lastKnownFileType = sourcecode.c.objc; explicitFileType = undefined; includeInIndex = 0; };
		32EBBE5EE3A0402098612939 /* CDVStatusBar.h */ = {isa = PBXFileReference; name = "CDVStatusBar.h"; path = "cordova-plugin-statusbar/CDVStatusBar.h"; sourceTree = "<group>"; fileEncoding = 4; lastKnownFileType = sourcecode.c.h; explicitFileType = undefined; includeInIndex = 0; };
		B471A6DC97694A44B474283C /* IonicKeyboard.m */ = {isa = PBXFileReference; name = "IonicKeyboard.m"; path = "ionic-plugin-keyboard/IonicKeyboard.m"; sourceTree = "<group>"; fileEncoding = 4; lastKnownFileType = sourcecode.c.objc; explicitFileType = undefined; includeInIndex = 0; };
		B3DCE68D6525485E95C640A9 /* IonicKeyboard.h */ = {isa = PBXFileReference; name = "IonicKeyboard.h"; path = "ionic-plugin-keyboard/IonicKeyboard.h"; sourceTree = "<group>"; fileEncoding = 4; lastKnownFileType = sourcecode.c.h; explicitFileType = undefined; includeInIndex = 0; };
		8A2EBB3615834614895487B7 /* CDVInAppBrowser.m */ = {isa = PBXFileReference; name = "CDVInAppBrowser.m"; path = "cordova-plugin-inappbrowser/CDVInAppBrowser.m"; sourceTree = "<group>"; fileEncoding = 4; lastKnownFileType = sourcecode.c.objc; explicitFileType = undefined; includeInIndex = 0; };
		B2C4DD9184FB4067A21E83DD /* CDVInAppBrowser.h */ = {isa = PBXFileReference; name = "CDVInAppBrowser.h"; path = "cordova-plugin-inappbrowser/CDVInAppBrowser.h"; sourceTree = "<group>"; fileEncoding = 4; lastKnownFileType = sourcecode.c.h; explicitFileType = undefined; includeInIndex = 0; };
		C3E8A433079E48009A28E1D6 /* NSString+URLEncoding.m */ = {isa = PBXFileReference; name = "NSString+URLEncoding.m"; path = "cordova-plugin-x-socialsharing/NSString+URLEncoding.m"; sourceTree = "<group>"; fileEncoding = 4; lastKnownFileType = sourcecode.c.objc; explicitFileType = undefined; includeInIndex = 0; };
		5A05C5E4D6F04E4FB6A5A751 /* SocialSharing.m */ = {isa = PBXFileReference; name = "SocialSharing.m"; path = "cordova-plugin-x-socialsharing/SocialSharing.m"; sourceTree = "<group>"; fileEncoding = 4; lastKnownFileType = sourcecode.c.objc; explicitFileType = undefined; includeInIndex = 0; };
		5427710F83554B008D07D0A8 /* NSString+URLEncoding.h */ = {isa = PBXFileReference; name = "NSString+URLEncoding.h"; path = "cordova-plugin-x-socialsharing/NSString+URLEncoding.h"; sourceTree = "<group>"; fileEncoding = 4; lastKnownFileType = sourcecode.c.h; explicitFileType = undefined; includeInIndex = 0; };
		B1CB75CE3DEA41CEB8F262C0 /* SocialSharing.h */ = {isa = PBXFileReference; name = "SocialSharing.h"; path = "cordova-plugin-x-socialsharing/SocialSharing.h"; sourceTree = "<group>"; fileEncoding = 4; lastKnownFileType = sourcecode.c.h; explicitFileType = undefined; includeInIndex = 0; };
		6A4A7C92CC5A4EADA1A10B16 /* Social.framework */ = {isa = PBXFileReference; name = "Social.framework"; path = "System/Library/Frameworks/Social.framework"; sourceTree = SDKROOT; fileEncoding = undefined; lastKnownFileType = wrapper.framework; explicitFileType = undefined; includeInIndex = 0; };
		96B1283F86DD4939B27E4943 /* MessageUI.framework */ = {isa = PBXFileReference; name = "MessageUI.framework"; path = "System/Library/Frameworks/MessageUI.framework"; sourceTree = SDKROOT; fileEncoding = undefined; lastKnownFileType = wrapper.framework; explicitFileType = undefined; includeInIndex = 0; };
		B9D99311B72049F9AE09AEE8 /* CDVLocation.m */ = {isa = PBXFileReference; name = "CDVLocation.m"; path = "cordova-plugin-geolocation/CDVLocation.m"; sourceTree = "<group>"; fileEncoding = 4; lastKnownFileType = sourcecode.c.objc; explicitFileType = undefined; includeInIndex = 0; };
		CD9450C543894580913A3D48 /* CDVLocation.h */ = {isa = PBXFileReference; name = "CDVLocation.h"; path = "cordova-plugin-geolocation/CDVLocation.h"; sourceTree = "<group>"; fileEncoding = 4; lastKnownFileType = sourcecode.c.h; explicitFileType = undefined; includeInIndex = 0; };
		BD33679E268D48839D8DB64B /* CoreLocation.framework */ = {isa = PBXFileReference; name = "CoreLocation.framework"; path = "System/Library/Frameworks/CoreLocation.framework"; sourceTree = SDKROOT; fileEncoding = undefined; lastKnownFileType = wrapper.framework; explicitFileType = undefined; includeInIndex = 0; };
		D8864161DB664AAEA0BE0BE2 /* JPushPlugin.m */ = {isa = PBXFileReference; name = "JPushPlugin.m"; path = "cn.jpush.phonegap.JPushPlugin/JPushPlugin.m"; sourceTree = "<group>"; fileEncoding = 4; lastKnownFileType = sourcecode.c.objc; explicitFileType = undefined; includeInIndex = 0; };
		95847AA307734CB9BB1770DB /* jpush-ios-2.1.6.a */ = {isa = PBXFileReference; name = "jpush-ios-2.1.6.a"; path = "Follow3/Plugins/cn.jpush.phonegap.JPushPlugin/jpush-ios-2.1.6.a"; sourceTree = "<group>"; fileEncoding = undefined; lastKnownFileType = archive.ar; explicitFileType = undefined; includeInIndex = 0; };
		57712FAD54AA46719D1A6225 /* AppDelegate+JPush.m */ = {isa = PBXFileReference; name = "AppDelegate+JPush.m"; path = "cn.jpush.phonegap.JPushPlugin/AppDelegate+JPush.m"; sourceTree = "<group>"; fileEncoding = 4; lastKnownFileType = sourcecode.c.objc; explicitFileType = undefined; includeInIndex = 0; };
		C7B8D59CE9AE4414966C78FF /* JPushPlugin.h */ = {isa = PBXFileReference; name = "JPushPlugin.h"; path = "cn.jpush.phonegap.JPushPlugin/JPushPlugin.h"; sourceTree = "<group>"; fileEncoding = 4; lastKnownFileType = sourcecode.c.h; explicitFileType = undefined; includeInIndex = 0; };
		95B3C4B202AF4DDA8D4695A6 /* JPUSHService.h */ = {isa = PBXFileReference; name = "JPUSHService.h"; path = "cn.jpush.phonegap.JPushPlugin/JPUSHService.h"; sourceTree = "<group>"; fileEncoding = 4; lastKnownFileType = sourcecode.c.h; explicitFileType = undefined; includeInIndex = 0; };
		5EB44786E33C44BBADF40197 /* AppDelegate+JPush.h */ = {isa = PBXFileReference; name = "AppDelegate+JPush.h"; path = "cn.jpush.phonegap.JPushPlugin/AppDelegate+JPush.h"; sourceTree = "<group>"; fileEncoding = 4; lastKnownFileType = sourcecode.c.h; explicitFileType = undefined; includeInIndex = 0; };
		844DE6003B644317B32EEAA0 /* PushConfig.plist */ = {isa = PBXFileReference; name = "PushConfig.plist"; path = "PushConfig.plist"; sourceTree = "<group>"; fileEncoding = 4; lastKnownFileType = text.plist.xml; explicitFileType = undefined; includeInIndex = 0; };
		73F36163BF5946DF91A65627 /* CFNetwork.framework */ = {isa = PBXFileReference; name = "CFNetwork.framework"; path = "System/Library/Frameworks/CFNetwork.framework"; sourceTree = SDKROOT; fileEncoding = undefined; lastKnownFileType = wrapper.framework; explicitFileType = undefined; includeInIndex = 0; };
		D58258CB6D234AAF83435C1D /* CoreFoundation.framework */ = {isa = PBXFileReference; name = "CoreFoundation.framework"; path = "System/Library/Frameworks/CoreFoundation.framework"; sourceTree = SDKROOT; fileEncoding = undefined; lastKnownFileType = wrapper.framework; explicitFileType = undefined; includeInIndex = 0; };
		2E827676A03445CCB5701915 /* CoreTelephony.framework */ = {isa = PBXFileReference; name = "CoreTelephony.framework"; path = "System/Library/Frameworks/CoreTelephony.framework"; sourceTree = SDKROOT; fileEncoding = undefined; lastKnownFileType = wrapper.framework; explicitFileType = undefined; includeInIndex = 0; };
		C4B47EC21E3C4B80A0271BC3 /* SystemConfiguration.framework */ = {isa = PBXFileReference; name = "SystemConfiguration.framework"; path = "System/Library/Frameworks/SystemConfiguration.framework"; sourceTree = SDKROOT; fileEncoding = undefined; lastKnownFileType = wrapper.framework; explicitFileType = undefined; includeInIndex = 0; };
		DD1F2D22463B452C81E4AB67 /* Foundation.framework */ = {isa = PBXFileReference; name = "Foundation.framework"; path = "System/Library/Frameworks/Foundation.framework"; sourceTree = SDKROOT; fileEncoding = undefined; lastKnownFileType = wrapper.framework; explicitFileType = undefined; includeInIndex = 0; };
		8E3A4947888E4B11B8EF80C8 /* UIKit.framework */ = {isa = PBXFileReference; name = "UIKit.framework"; path = "System/Library/Frameworks/UIKit.framework"; sourceTree = SDKROOT; fileEncoding = undefined; lastKnownFileType = wrapper.framework; explicitFileType = undefined; includeInIndex = 0; };
		926F6A14BE604203883639C9 /* Security.framework */ = {isa = PBXFileReference; name = "Security.framework"; path = "System/Library/Frameworks/Security.framework"; sourceTree = SDKROOT; fileEncoding = undefined; lastKnownFileType = wrapper.framework; explicitFileType = undefined; includeInIndex = 0; };
		F37ED662F5B441479671090B /* libz.tbd */ = {isa = PBXFileReference; name = "libz.tbd"; path = "libz.tbd"; sourceTree = "<group>"; fileEncoding = undefined; lastKnownFileType = unknown; explicitFileType = undefined; includeInIndex = 0; };
		630F545F02C04538B2656573 /* AdSupport.framework */ = {isa = PBXFileReference; name = "AdSupport.framework"; path = "System/Library/Frameworks/AdSupport.framework"; sourceTree = SDKROOT; fileEncoding = undefined; lastKnownFileType = wrapper.framework; explicitFileType = undefined; includeInIndex = 0; };
		165DE7CA95984011A192DF69 /* CDVNotification.m */ = {isa = PBXFileReference; name = "CDVNotification.m"; path = "cordova-plugin-dialogs/CDVNotification.m"; sourceTree = "<group>"; fileEncoding = 4; lastKnownFileType = sourcecode.c.objc; explicitFileType = undefined; includeInIndex = 0; };
		A1C19DE68016402A8C985A7B /* CDVNotification.h */ = {isa = PBXFileReference; name = "CDVNotification.h"; path = "cordova-plugin-dialogs/CDVNotification.h"; sourceTree = "<group>"; fileEncoding = 4; lastKnownFileType = sourcecode.c.h; explicitFileType = undefined; includeInIndex = 0; };
		9B50AB1DBB2B41BCBC3B1A6C /* CDVNotification.bundle */ = {isa = PBXFileReference; name = "CDVNotification.bundle"; path = "CDVNotification.bundle"; sourceTree = "<group>"; fileEncoding = undefined; lastKnownFileType = wrapper.plug-in; explicitFileType = undefined; includeInIndex = 0; };
		A740695369414EC188960A85 /* AudioToolbox.framework */ = {isa = PBXFileReference; name = "AudioToolbox.framework"; path = "System/Library/Frameworks/AudioToolbox.framework"; sourceTree = SDKROOT; fileEncoding = undefined; lastKnownFileType = wrapper.framework; explicitFileType = undefined; includeInIndex = 0; };
		F8310A77A65D4454A1FFA49A /* CDVGlobalization.m */ = {isa = PBXFileReference; name = "CDVGlobalization.m"; path = "cordova-plugin-globalization/CDVGlobalization.m"; sourceTree = "<group>"; fileEncoding = 4; lastKnownFileType = sourcecode.c.objc; explicitFileType = undefined; includeInIndex = 0; };
		AF2E61764AD949A081605AD9 /* CDVGlobalization.h */ = {isa = PBXFileReference; name = "CDVGlobalization.h"; path = "cordova-plugin-globalization/CDVGlobalization.h"; sourceTree = "<group>"; fileEncoding = 4; lastKnownFileType = sourcecode.c.h; explicitFileType = undefined; includeInIndex = 0; };
		5CD4F3192DB3408F930196AA /* CDVAppRate.m */ = {isa = PBXFileReference; name = "CDVAppRate.m"; path = "cordova-plugin-apprate/CDVAppRate.m"; sourceTree = "<group>"; fileEncoding = 4; lastKnownFileType = sourcecode.c.objc; explicitFileType = undefined; includeInIndex = 0; };
		637BDA94ADF74887AD099443 /* CDVAppRate.h */ = {isa = PBXFileReference; name = "CDVAppRate.h"; path = "cordova-plugin-apprate/CDVAppRate.h"; sourceTree = "<group>"; fileEncoding = 4; lastKnownFileType = sourcecode.c.h; explicitFileType = undefined; includeInIndex = 0; };
		37791CD5FF0B433BBEE4A47F /* StoreKit.framework */ = {isa = PBXFileReference; name = "StoreKit.framework"; path = "System/Library/Frameworks/StoreKit.framework"; sourceTree = SDKROOT; fileEncoding = undefined; lastKnownFileType = wrapper.framework; explicitFileType = undefined; includeInIndex = 0; };
		CE25A052342E42D5A2DEC3C3 /* SQLitePlugin.m */ = {isa = PBXFileReference; name = "SQLitePlugin.m"; path = "cordova-sqlite-storage/SQLitePlugin.m"; sourceTree = "<group>"; fileEncoding = 4; lastKnownFileType = sourcecode.c.objc; explicitFileType = undefined; includeInIndex = 0; };
		EFE550DCDD804B90A2920E19 /* sqlite3.c */ = {isa = PBXFileReference; name = "sqlite3.c"; path = "cordova-sqlite-storage/sqlite3.c"; sourceTree = "<group>"; fileEncoding = undefined; lastKnownFileType = unknown; explicitFileType = undefined; includeInIndex = 0; };
		25456BA891DA4A8790893533 /* SQLitePlugin.h */ = {isa = PBXFileReference; name = "SQLitePlugin.h"; path = "cordova-sqlite-storage/SQLitePlugin.h"; sourceTree = "<group>"; fileEncoding = 4; lastKnownFileType = sourcecode.c.h; explicitFileType = undefined; includeInIndex = 0; };
		9522ADFAEAA845FFA3479AC9 /* sqlite3.h */ = {isa = PBXFileReference; name = "sqlite3.h"; path = "cordova-sqlite-storage/sqlite3.h"; sourceTree = "<group>"; fileEncoding = 4; lastKnownFileType = sourcecode.c.h; explicitFileType = undefined; includeInIndex = 0; };
/* End PBXFileReference section */

/* Begin PBXFrameworksBuildPhase section */
		1D60588F0D05DD3D006BFB54 /* Frameworks */ = {
			isa = PBXFrameworksBuildPhase;
			buildActionMask = 2147483647;
			files = (
				301BF552109A68D80062928A /* libCordova.a in Frameworks */,
				6945B8E427594D0A8B15558E /* Social.framework in Frameworks */,
				EFB1EE63E95B4DF0BB648E2A /* MessageUI.framework in Frameworks */,
				B0C43C3681BC484096F919DE /* CoreLocation.framework in Frameworks */,
				0B5C4CCD7E094772BC021C9E /* jpush-ios-2.1.6.a in Frameworks */,
				8771EB75359A4E2C8793665E /* CFNetwork.framework in Frameworks */,
				A5E7E81A89224B1698860C66 /* CoreFoundation.framework in Frameworks */,
				FFC12BA719004417AE0C4CA3 /* CoreTelephony.framework in Frameworks */,
				83B977EEFE5A4103869D57B0 /* SystemConfiguration.framework in Frameworks */,
				E1D5E274281640A7AAF9B9A7 /* Foundation.framework in Frameworks */,
				6736A940B2224284B5F8DC73 /* UIKit.framework in Frameworks */,
				C45E60CBC9CD4927AC05BD7D /* Security.framework in Frameworks */,
				84481554F0D14D079B50D113 /* libz.tbd in Resources */,
				5044511DEEB64F7C8C7E3E05 /* AdSupport.framework in Frameworks */,
				D8930CA500164F07A97C8A14 /* AudioToolbox.framework in Frameworks */,
				5A71F03D87C84854A4A803C8 /* StoreKit.framework in Frameworks */,
			);
			runOnlyForDeploymentPostprocessing = 0;
		};
/* End PBXFrameworksBuildPhase section */

/* Begin PBXGroup section */
		080E96DDFE201D6D7F000001 /* Classes */ = {
			isa = PBXGroup;
			children = (
				302D95EE14D2391D003F00A1 /* MainViewController.h */,
				302D95EF14D2391D003F00A1 /* MainViewController.m */,
				302D95F014D2391D003F00A1 /* MainViewController.xib */,
				1D3623240D0F684500981E51 /* AppDelegate.h */,
				1D3623250D0F684500981E51 /* AppDelegate.m */,
			);
			name = Classes;
			path = "Follow3/Classes";
			sourceTree = SOURCE_ROOT;
		};
		19C28FACFE9D520D11CA2CBB /* Products */ = {
			isa = PBXGroup;
			children = (
				1D6058910D05DD3D006BFB54 /* Follow3.app */,
			);
			name = Products;
			sourceTree = "<group>";
		};
		29B97314FDCFA39411CA2CEA /* CustomTemplate */ = {
			isa = PBXGroup;
			children = (
				EB87FDF41871DAF40020F90C /* config.xml */,
				EB87FDF31871DA8E0020F90C /* www */,
				EB87FDF11871DA420020F90C /* Staging */,
				301BF52D109A57CC0062928A /* CordovaLib.xcodeproj */,
				080E96DDFE201D6D7F000001 /* Classes */,
				307C750510C5A3420062BCA9 /* Plugins */,
				29B97315FDCFA39411CA2CEA /* Other Sources */,
				29B97317FDCFA39411CA2CEA /* Resources */,
				29B97323FDCFA39411CA2CEA /* Frameworks */,
				19C28FACFE9D520D11CA2CBB /* Products */,
			);
			name = CustomTemplate;
			sourceTree = "<group>";
		};
		29B97315FDCFA39411CA2CEA /* Other Sources */ = {
			isa = PBXGroup;
			children = (
				32CA4F630368D1EE00C91783 /* Follow3-Prefix.pch */,
				29B97316FDCFA39411CA2CEA /* main.m */,
				ED33DF2A687741AEAF9F8254 /* Bridging-Header.h */,
			);
			name = "Other Sources";
			path = "Follow3";
			sourceTree = "<group>";
		};
		29B97317FDCFA39411CA2CEA /* Resources */ = {
			isa = PBXGroup;
			children = (
				0207DA571B56EA530066E2B4 /* Images.xcassets */,
				3047A50E1AB8057F00498E2A /* config */,
				8D1107310486CEB800E47090 /* Follow3-Info.plist */,
				844DE6003B644317B32EEAA0 /* PushConfig.plist */,
				9B50AB1DBB2B41BCBC3B1A6C /* CDVNotification.bundle */,
			);
			name = Resources;
			path = "Follow3/Resources";
			sourceTree = "<group>";
		};
		29B97323FDCFA39411CA2CEA /* Frameworks */ = {
			isa = PBXGroup;
			children = (
				6A4A7C92CC5A4EADA1A10B16 /* Social.framework */,
				96B1283F86DD4939B27E4943 /* MessageUI.framework */,
				BD33679E268D48839D8DB64B /* CoreLocation.framework */,
				95847AA307734CB9BB1770DB /* jpush-ios-2.1.6.a */,
				73F36163BF5946DF91A65627 /* CFNetwork.framework */,
				D58258CB6D234AAF83435C1D /* CoreFoundation.framework */,
				2E827676A03445CCB5701915 /* CoreTelephony.framework */,
				C4B47EC21E3C4B80A0271BC3 /* SystemConfiguration.framework */,
				DD1F2D22463B452C81E4AB67 /* Foundation.framework */,
				8E3A4947888E4B11B8EF80C8 /* UIKit.framework */,
				926F6A14BE604203883639C9 /* Security.framework */,
				F37ED662F5B441479671090B /* libz.tbd */,
				630F545F02C04538B2656573 /* AdSupport.framework */,
				A740695369414EC188960A85 /* AudioToolbox.framework */,
				37791CD5FF0B433BBEE4A47F /* StoreKit.framework */,
			);
			name = Frameworks;
			sourceTree = "<group>";
		};
		301BF52E109A57CC0062928A /* Products */ = {
			isa = PBXGroup;
			children = (
				301BF535109A57CC0062928A /* libCordova.a */,
			);
			name = Products;
			sourceTree = "<group>";
		};
		3047A50E1AB8057F00498E2A /* config */ = {
			isa = PBXGroup;
			children = (
				3047A50F1AB8059700498E2A /* build-debug.xcconfig */,
				3047A5101AB8059700498E2A /* build-release.xcconfig */,
				3047A5111AB8059700498E2A /* build.xcconfig */,
			);
			name = config;
			sourceTree = "<group>";
		};
		307C750510C5A3420062BCA9 /* Plugins */ = {
			isa = PBXGroup;
			children = (
				F627BBC78BCC41AD8EED0794 /* CDVDevice.m */,
				E6C14EACD3DB467E9B19F03B /* CDVDevice.h */,
				EC32B1CD39B4477DA150F5C0 /* CDVLogger.m */,
				9E271A73F07343F0804A6FD9 /* CDVLogger.h */,
				960655DC5958441681FBA821 /* CDVSplashScreen.m */,
				6DD3400ED4FF43C297E058DD /* CDVViewController+SplashScreen.m */,
				68E2E5B918BF4CD2AB26DC2B /* CDVSplashScreen.h */,
				D8A931500A6F4DEAA7B737A9 /* CDVViewController+SplashScreen.h */,
				2A0B9D1DC8E24F9588D94383 /* CDVStatusBar.m */,
				32EBBE5EE3A0402098612939 /* CDVStatusBar.h */,
				B471A6DC97694A44B474283C /* IonicKeyboard.m */,
				B3DCE68D6525485E95C640A9 /* IonicKeyboard.h */,
				8A2EBB3615834614895487B7 /* CDVInAppBrowser.m */,
				B2C4DD9184FB4067A21E83DD /* CDVInAppBrowser.h */,
				C3E8A433079E48009A28E1D6 /* NSString+URLEncoding.m */,
				5A05C5E4D6F04E4FB6A5A751 /* SocialSharing.m */,
				5427710F83554B008D07D0A8 /* NSString+URLEncoding.h */,
				B1CB75CE3DEA41CEB8F262C0 /* SocialSharing.h */,
				B9D99311B72049F9AE09AEE8 /* CDVLocation.m */,
				CD9450C543894580913A3D48 /* CDVLocation.h */,
				D8864161DB664AAEA0BE0BE2 /* JPushPlugin.m */,
				57712FAD54AA46719D1A6225 /* AppDelegate+JPush.m */,
				C7B8D59CE9AE4414966C78FF /* JPushPlugin.h */,
				95B3C4B202AF4DDA8D4695A6 /* JPUSHService.h */,
				5EB44786E33C44BBADF40197 /* AppDelegate+JPush.h */,
				165DE7CA95984011A192DF69 /* CDVNotification.m */,
				A1C19DE68016402A8C985A7B /* CDVNotification.h */,
				F8310A77A65D4454A1FFA49A /* CDVGlobalization.m */,
				AF2E61764AD949A081605AD9 /* CDVGlobalization.h */,
				5CD4F3192DB3408F930196AA /* CDVAppRate.m */,
				637BDA94ADF74887AD099443 /* CDVAppRate.h */,
				CE25A052342E42D5A2DEC3C3 /* SQLitePlugin.m */,
				EFE550DCDD804B90A2920E19 /* sqlite3.c */,
				25456BA891DA4A8790893533 /* SQLitePlugin.h */,
				9522ADFAEAA845FFA3479AC9 /* sqlite3.h */,
			);
			name = Plugins;
			path = "Follow3/Plugins";
			sourceTree = SOURCE_ROOT;
		};
		EB87FDF11871DA420020F90C /* Staging */ = {
			isa = PBXGroup;
			children = (
				F840E1F0165FE0F500CFE078 /* config.xml */,
				301BF56E109A69640062928A /* www */,
			);
			name = Staging;
			sourceTree = "<group>";
		};
/* End PBXGroup section */

/* Begin PBXNativeTarget section */
		1D6058900D05DD3D006BFB54 /* Follow3 */ = {
			isa = PBXNativeTarget;
			buildConfigurationList = 1D6058960D05DD3E006BFB54 /* Build configuration list for PBXNativeTarget "Follow3" */;
			buildPhases = (
				304B58A110DAC018002A0835 /* Copy www directory */,
				1D60588D0D05DD3D006BFB54 /* Resources */,
				1D60588E0D05DD3D006BFB54 /* Sources */,
				1D60588F0D05DD3D006BFB54 /* Frameworks */,
			);
			buildRules = (
			);
			dependencies = (
				301BF551109A68C00062928A /* PBXTargetDependency */,
			);
			name = "Follow3";
			productName = "Follow3";
			productReference = 1D6058910D05DD3D006BFB54 /* Follow3.app */;
			productType = "com.apple.product-type.application";
		};
/* End PBXNativeTarget section */

/* Begin PBXProject section */
		29B97313FDCFA39411CA2CEA /* Project object */ = {
			isa = PBXProject;
			attributes = {
				LastUpgradeCheck = 510;
			};
			buildConfigurationList = C01FCF4E08A954540054247B /* Build configuration list for PBXProject "__NON-CLI__" */;
			compatibilityVersion = "Xcode 3.2";
			developmentRegion = English;
			hasScannedForEncodings = 1;
			mainGroup = 29B97314FDCFA39411CA2CEA /* CustomTemplate */;
			projectDirPath = "";
			projectReferences = (
				{
					ProductGroup = 301BF52E109A57CC0062928A /* Products */;
					ProjectRef = 301BF52D109A57CC0062928A /* CordovaLib.xcodeproj */;
				},
			);
			projectRoot = "";
			targets = (
				1D6058900D05DD3D006BFB54 /* Follow3 */,
			);
		};
/* End PBXProject section */

/* Begin PBXReferenceProxy section */
		301BF535109A57CC0062928A /* libCordova.a */ = {
			isa = PBXReferenceProxy;
			fileType = archive.ar;
			path = libCordova.a;
			remoteRef = 301BF534109A57CC0062928A /* PBXContainerItemProxy */;
			sourceTree = BUILT_PRODUCTS_DIR;
		};
/* End PBXReferenceProxy section */

/* Begin PBXResourcesBuildPhase section */
		1D60588D0D05DD3D006BFB54 /* Resources */ = {
			isa = PBXResourcesBuildPhase;
			buildActionMask = 2147483647;
			files = (
				302D95F214D2391D003F00A1 /* MainViewController.xib in Resources */,
				3047A5131AB8059700498E2A /* build-release.xcconfig in Resources */,
				3047A5141AB8059700498E2A /* build.xcconfig in Resources */,
				0207DA581B56EA530066E2B4 /* Images.xcassets in Resources */,
				3047A5121AB8059700498E2A /* build-debug.xcconfig in Resources */,
				75FAF230569F4413A9F46122 /* PushConfig.plist in Resources */,
				1157CDDF36504AC7A546C45C /* CDVNotification.bundle in Resources */,
			);
			runOnlyForDeploymentPostprocessing = 0;
		};
/* End PBXResourcesBuildPhase section */

/* Begin PBXShellScriptBuildPhase section */
		304B58A110DAC018002A0835 /* Copy www directory */ = {
			isa = PBXShellScriptBuildPhase;
			buildActionMask = 2147483647;
			files = (
			);
			inputPaths = (
			);
			name = "Copy www directory";
			outputPaths = (
			);
			runOnlyForDeploymentPostprocessing = 0;
			shellPath = /bin/sh;
			shellScript = "NODEJS_PATH=/usr/local/bin; NVM_NODE_PATH=~/.nvm/versions/node/`nvm version 2>/dev/null`/bin; N_NODE_PATH=`find /usr/local/n/versions/node/* -maxdepth 0 -type d 2>/dev/null | tail -1`/bin; XCODE_NODE_PATH=`xcode-select --print-path`/usr/share/xcs/Node/bin; PATH=$NODEJS_PATH:$NVM_NODE_PATH:$N_NODE_PATH:$XCODE_NODE_PATH:$PATH && node cordova/lib/copy-www-build-step.js";
			showEnvVarsInLog = 0;
		};
/* End PBXShellScriptBuildPhase section */

/* Begin PBXSourcesBuildPhase section */
		1D60588E0D05DD3D006BFB54 /* Sources */ = {
			isa = PBXSourcesBuildPhase;
			buildActionMask = 2147483647;
			files = (
				1D60589B0D05DD56006BFB54 /* main.m in Sources */,
				1D3623260D0F684500981E51 /* AppDelegate.m in Sources */,
				302D95F114D2391D003F00A1 /* MainViewController.m in Sources */,
				9074ADE5A2524196B8FBD2CC /* CDVDevice.m in Sources */,
				4395A80BBFB14BBE857A7E12 /* CDVLogger.m in Sources */,
				788B502D313D46E79DC7A746 /* CDVSplashScreen.m in Sources */,
				CFF5D74DDEBA45AD9F7819AF /* CDVViewController+SplashScreen.m in Sources */,
				B590CCA857F2433B94A611EF /* CDVStatusBar.m in Sources */,
				68FD12E70B4C49D29B12C835 /* IonicKeyboard.m in Sources */,
				16203357521E4E3393253C07 /* CDVInAppBrowser.m in Sources */,
				AF752E6C0B2D403287415C0E /* NSString+URLEncoding.m in Sources */,
				7FCFD19B9C9B419CB3D269DE /* SocialSharing.m in Sources */,
				543DA0A34CE24A70949472F2 /* CDVLocation.m in Sources */,
				284EA140689442ADB67BCB99 /* JPushPlugin.m in Sources */,
				CDB8F9BE36104F3B8FA7A457 /* AppDelegate+JPush.m in Sources */,
				319F9D5D3C94458095171131 /* CDVNotification.m in Sources */,
				BDE328CFAF1446F6BF6B8091 /* CDVGlobalization.m in Sources */,
				84C8A52AC7214FB294393631 /* CDVAppRate.m in Sources */,
				9CAD2DC4FE6146F9A992136D /* SQLitePlugin.m in Sources */,
				EE8C7029558443D6B0B0F709 /* sqlite3.c in Resources */,
			);
			runOnlyForDeploymentPostprocessing = 0;
		};
/* End PBXSourcesBuildPhase section */

/* Begin PBXTargetDependency section */
		301BF551109A68C00062928A /* PBXTargetDependency */ = {
			isa = PBXTargetDependency;
			name = CordovaLib;
			targetProxy = 301BF550109A68C00062928A /* PBXContainerItemProxy */;
		};
/* End PBXTargetDependency section */

/* Begin XCBuildConfiguration section */
		1D6058940D05DD3E006BFB54 /* Debug */ = {
			isa = XCBuildConfiguration;
			baseConfigurationReference = 3047A50F1AB8059700498E2A /* build-debug.xcconfig */;
			buildSettings = {
				ALWAYS_SEARCH_USER_PATHS = NO;
				ASSETCATALOG_COMPILER_APPICON_NAME = AppIcon;
				ASSETCATALOG_COMPILER_LAUNCHIMAGE_NAME = LaunchImage;
				CLANG_ENABLE_MODULES = YES;
				CLANG_ENABLE_OBJC_ARC = YES;
				COPY_PHASE_STRIP = NO;
				GCC_DYNAMIC_NO_PIC = NO;
				GCC_OPTIMIZATION_LEVEL = 0;
				GCC_PRECOMPILE_PREFIX_HEADER = YES;
				GCC_PREFIX_HEADER = "Follow3/Follow3-Prefix.pch";
				GCC_THUMB_SUPPORT = NO;
				GCC_VERSION = "";
				INFOPLIST_FILE = "Follow3/Follow3-Info.plist";
				LD_RUNPATH_SEARCH_PATHS = "@executable_path/Frameworks";
				PRODUCT_NAME = "Follow3";
				LIBRARY_SEARCH_PATHS = (
					"$(inherited)",
					"\"$(SRCROOT)/Follow3/Plugins/cn.jpush.phonegap.JPushPlugin\"",
				);
			};
			name = Debug;
		};
		1D6058950D05DD3E006BFB54 /* Release */ = {
			isa = XCBuildConfiguration;
			baseConfigurationReference = 3047A5101AB8059700498E2A /* build-release.xcconfig */;
			buildSettings = {
				ALWAYS_SEARCH_USER_PATHS = NO;
				ASSETCATALOG_COMPILER_APPICON_NAME = AppIcon;
				ASSETCATALOG_COMPILER_LAUNCHIMAGE_NAME = LaunchImage;
				CLANG_ENABLE_MODULES = YES;
				CLANG_ENABLE_OBJC_ARC = YES;
				COPY_PHASE_STRIP = YES;
				GCC_PRECOMPILE_PREFIX_HEADER = YES;
				GCC_PREFIX_HEADER = "Follow3/Follow3-Prefix.pch";
				GCC_THUMB_SUPPORT = NO;
				GCC_VERSION = "";
				INFOPLIST_FILE = "Follow3/Follow3-Info.plist";
				PRODUCT_NAME = "Follow3";
				LIBRARY_SEARCH_PATHS = (
					"$(inherited)",
					"\"$(SRCROOT)/Follow3/Plugins/cn.jpush.phonegap.JPushPlugin\"",
				);
			};
			name = Release;
		};
		C01FCF4F08A954540054247B /* Debug */ = {
			isa = XCBuildConfiguration;
			baseConfigurationReference = 3047A5111AB8059700498E2A /* build.xcconfig */;
			buildSettings = {
				CLANG_ENABLE_MODULES = YES;
				CLANG_ENABLE_OBJC_ARC = YES;
				CLANG_WARN_BOOL_CONVERSION = YES;
				CLANG_WARN_CONSTANT_CONVERSION = YES;
				CLANG_WARN_EMPTY_BODY = YES;
				CLANG_WARN_ENUM_CONVERSION = YES;
				CLANG_WARN_INT_CONVERSION = YES;
				CLANG_WARN__DUPLICATE_METHOD_MATCH = YES;
				GCC_C_LANGUAGE_STANDARD = c99;
				GCC_THUMB_SUPPORT = NO;
				GCC_VERSION = "";
				GCC_WARN_ABOUT_RETURN_TYPE = YES;
				GCC_WARN_UNDECLARED_SELECTOR = YES;
				GCC_WARN_UNINITIALIZED_AUTOS = YES;
				GCC_WARN_UNUSED_FUNCTION = YES;
				GCC_WARN_UNUSED_VARIABLE = YES;
				ONLY_ACTIVE_ARCH = YES;
				SDKROOT = iphoneos;
				SKIP_INSTALL = NO;
			};
			name = Debug;
		};
		C01FCF5008A954540054247B /* Release */ = {
			isa = XCBuildConfiguration;
			baseConfigurationReference = 3047A5111AB8059700498E2A /* build.xcconfig */;
			buildSettings = {
				CLANG_ENABLE_MODULES = YES;
				CLANG_ENABLE_OBJC_ARC = YES;
				CLANG_WARN_BOOL_CONVERSION = YES;
				CLANG_WARN_CONSTANT_CONVERSION = YES;
				CLANG_WARN_EMPTY_BODY = YES;
				CLANG_WARN_ENUM_CONVERSION = YES;
				CLANG_WARN_INT_CONVERSION = YES;
				CLANG_WARN__DUPLICATE_METHOD_MATCH = YES;
				GCC_C_LANGUAGE_STANDARD = c99;
				GCC_THUMB_SUPPORT = NO;
				GCC_VERSION = "";
				GCC_WARN_ABOUT_RETURN_TYPE = YES;
				GCC_WARN_UNDECLARED_SELECTOR = YES;
				GCC_WARN_UNINITIALIZED_AUTOS = YES;
				GCC_WARN_UNUSED_FUNCTION = YES;
				GCC_WARN_UNUSED_VARIABLE = YES;
				SDKROOT = iphoneos;
				SKIP_INSTALL = NO;
			};
			name = Release;
		};
/* End XCBuildConfiguration section */

/* Begin XCConfigurationList section */
		1D6058960D05DD3E006BFB54 /* Build configuration list for PBXNativeTarget "Follow3" */ = {
			isa = XCConfigurationList;
			buildConfigurations = (
				1D6058940D05DD3E006BFB54 /* Debug */,
				1D6058950D05DD3E006BFB54 /* Release */,
			);
			defaultConfigurationIsVisible = 0;
			defaultConfigurationName = Release;
		};
		C01FCF4E08A954540054247B /* Build configuration list for PBXProject "__NON-CLI__" */ = {
			isa = XCConfigurationList;
			buildConfigurations = (
				C01FCF4F08A954540054247B /* Debug */,
				C01FCF5008A954540054247B /* Release */,
			);
			defaultConfigurationIsVisible = 0;
			defaultConfigurationName = Release;
		};
/* End XCConfigurationList section */
	};
	rootObject = 29B97313FDCFA39411CA2CEA /* Project object */;
}
